
Microsoft Visual Studio Solution File, Format Version 12.00
# Visual Studio Version 17
VisualStudioVersion = 17.5.33516.290
MinimumVisualStudioVersion = 10.0.40219.1
Project("{FAE04EC0-301F-11D3-BF4B-00C04F79EFBC}") = "DB-Practika", "DB-Practika.csproj", "{E8EB4342-95C2-47E6-9037-85754D9B79EE}"
EndProject
Project("{2150E333-8FDC-42A3-9474-1A3956D46DE8}") = "Solution Items", "Solution Items", "{D9DB668E-D8E0-4579-8898-E91C9DCC3338}"
	ProjectSection(SolutionItems) = preProject
		.editorconfig = .editorconfig
	EndProjectSection
EndProject
Global
	GlobalSection(SolutionConfigurationPlatforms) = preSolution
		Debug|Any CPU = Debug|Any CPU
		Release|Any CPU = Release|Any CPU
	EndGlobalSection
	GlobalSection(ProjectConfigurationPlatforms) = postSolution
		{E8EB4342-95C2-47E6-9037-85754D9B79EE}.Debug|Any CPU.ActiveCfg = Debug|Any CPU
		{E8EB4342-95C2-47E6-9037-85754D9B79EE}.Debug|Any CPU.Build.0 = Debug|Any CPU
		{E8EB4342-95C2-47E6-9037-85754D9B79EE}.Release|Any CPU.ActiveCfg = Release|Any CPU
		{E8EB4342-95C2-47E6-9037-85754D9B79EE}.Release|Any CPU.Build.0 = Release|Any CPU
	EndGlobalSection
	GlobalSection(SolutionProperties) = preSolution
		HideSolutionNode = FALSE
	EndGlobalSection
	GlobalSection(ExtensibilityGlobals) = postSolution
		SolutionGuid = {8B8CE54A-CB69-45B5-AAB7-2597C7E8A65C}
	EndGlobalSection
EndGlobal
